
Microsoft Visual Studio Solution File, Format Version 12.00
# Visual Studio Version 17
VisualStudioVersion = 17.3.32901.215
MinimumVisualStudioVersion = 10.0.40219.1
Project("{8BC9CEB8-8B4A-11D0-8D11-00A0C91BC942}") = "KmdfHelloWorld", "KmdfHelloWorld.vcxproj", "{3690243F-82D3-4D17-8FD3-8CE4A7300070}"
EndProject
Global
	GlobalSection(SolutionConfigurationPlatforms) = preSolution
		Debug|ARM64 = Debug|ARM64
		Debug|x64 = Debug|x64
		Release|ARM64 = Release|ARM64
		Release|x64 = Release|x64
	EndGlobalSection
	GlobalSection(ProjectConfigurationPlatforms) = postSolution
		{3690243F-82D3-4D17-8FD3-8CE4A7300070}.Debug|ARM64.ActiveCfg = Debug|ARM64
		{3690243F-82D3-4D17-8FD3-8CE4A7300070}.Debug|ARM64.Build.0 = Debug|ARM64
		{3690243F-82D3-4D17-8FD3-8CE4A7300070}.Debug|ARM64.Deploy.0 = Debug|ARM64
		{3690243F-82D3-4D17-8FD3-8CE4A7300070}.Debug|x64.ActiveCfg = Debug|x64
		{3690243F-82D3-4D17-8FD3-8CE4A7300070}.Debug|x64.Build.0 = Debug|x64
		{3690243F-82D3-4D17-8FD3-8CE4A7300070}.Debug|x64.Deploy.0 = Debug|x64
		{3690243F-82D3-4D17-8FD3-8CE4A7300070}.Release|ARM64.ActiveCfg = Release|ARM64
		{3690243F-82D3-4D17-8FD3-8CE4A7300070}.Release|ARM64.Build.0 = Release|ARM64
		{3690243F-82D3-4D17-8FD3-8CE4A7300070}.Release|ARM64.Deploy.0 = Release|ARM64
		{3690243F-82D3-4D17-8FD3-8CE4A7300070}.Release|x64.ActiveCfg = Release|x64
		{3690243F-82D3-4D17-8FD3-8CE4A7300070}.Release|x64.Build.0 = Release|x64
		{3690243F-82D3-4D17-8FD3-8CE4A7300070}.Release|x64.Deploy.0 = Release|x64
	EndGlobalSection
	GlobalSection(SolutionProperties) = preSolution
		HideSolutionNode = FALSE
	EndGlobalSection
	GlobalSection(ExtensibilityGlobals) = postSolution
		SolutionGuid = {A8BC754C-AFF5-48C3-8396-A58C69CE491B}
	EndGlobalSection
EndGlobal
